
Microsoft Visual Studio Solution File, Format Version 12.00
# Visual Studio Version 17
VisualStudioVersion = 17.11.35312.102
MinimumVisualStudioVersion = 10.0.40219.1
Project("{FAE04EC0-301F-11D3-BF4B-00C04F79EFBC}") = "SistemaAutoStock", "SistemaAutoStock\SistemaAutoStock.csproj", "{C1CFC883-666E-4EE7-8C40-44B4EF162993}"
EndProject
Global
	GlobalSection(SolutionConfigurationPlatforms) = preSolution
		Debug|Any CPU = Debug|Any CPU
		Release|Any CPU = Release|Any CPU
	EndGlobalSection
	GlobalSection(ProjectConfigurationPlatforms) = postSolution
		{C1CFC883-666E-4EE7-8C40-44B4EF162993}.Debug|Any CPU.ActiveCfg = Debug|Any CPU
		{C1CFC883-666E-4EE7-8C40-44B4EF162993}.Debug|Any CPU.Build.0 = Debug|Any CPU
		{C1CFC883-666E-4EE7-8C40-44B4EF162993}.Release|Any CPU.ActiveCfg = Release|Any CPU
		{C1CFC883-666E-4EE7-8C40-44B4EF162993}.Release|Any CPU.Build.0 = Release|Any CPU
	EndGlobalSection
	GlobalSection(SolutionProperties) = preSolution
		HideSolutionNode = FALSE
	EndGlobalSection
	GlobalSection(ExtensibilityGlobals) = postSolution
		SolutionGuid = {16349D2D-436E-4A23-BF75-9F38FC8476E8}
	EndGlobalSection
EndGlobal
